
Microsoft Visual Studio Solution File, Format Version 12.00
# Visual Studio Version 17
VisualStudioVersion = 17.6.33829.357
MinimumVisualStudioVersion = 10.0.40219.1
Project("{FAE04EC0-301F-11D3-BF4B-00C04F79EFBC}") = "V2boardApi", "V2boardApi\V2boardApi.csproj", "{21A1E925-792A-426B-BBE7-BBE7C090B16A}"
EndProject
Project("{FAE04EC0-301F-11D3-BF4B-00C04F79EFBC}") = "DataLayer", "DataLayer\DataLayer.csproj", "{CA607A24-0DDC-4DDE-8AEC-34146EE97F09}"
EndProject
Global
	GlobalSection(SolutionConfigurationPlatforms) = preSolution
		Debug|Any CPU = Debug|Any CPU
		Release|Any CPU = Release|Any CPU
	EndGlobalSection
	GlobalSection(ProjectConfigurationPlatforms) = postSolution
		{21A1E925-792A-426B-BBE7-BBE7C090B16A}.Debug|Any CPU.ActiveCfg = Debug|Any CPU
		{21A1E925-792A-426B-BBE7-BBE7C090B16A}.Debug|Any CPU.Build.0 = Debug|Any CPU
		{21A1E925-792A-426B-BBE7-BBE7C090B16A}.Release|Any CPU.ActiveCfg = Release|Any CPU
		{21A1E925-792A-426B-BBE7-BBE7C090B16A}.Release|Any CPU.Build.0 = Release|Any CPU
		{CA607A24-0DDC-4DDE-8AEC-34146EE97F09}.Debug|Any CPU.ActiveCfg = Debug|Any CPU
		{CA607A24-0DDC-4DDE-8AEC-34146EE97F09}.Debug|Any CPU.Build.0 = Debug|Any CPU
		{CA607A24-0DDC-4DDE-8AEC-34146EE97F09}.Release|Any CPU.ActiveCfg = Release|Any CPU
		{CA607A24-0DDC-4DDE-8AEC-34146EE97F09}.Release|Any CPU.Build.0 = Release|Any CPU
	EndGlobalSection
	GlobalSection(SolutionProperties) = preSolution
		HideSolutionNode = FALSE
	EndGlobalSection
	GlobalSection(ExtensibilityGlobals) = postSolution
		SolutionGuid = {3583115B-D69F-4D8F-BE61-CA12A8B46CC6}
	EndGlobalSection
EndGlobal
